<?xml version="1.0" encoding="utf-8"?>
<Project ToolsVersion="4.0" xmlns="http://schemas.microsoft.com/developer/msbuild/2003">
  <ItemGroup>
    <Filter Include="GameStates">
      <UniqueIdentifier>{6fd22ea5-cd64-4dcf-95ff-63977ca1cd79}</UniqueIdentifier>
    </Filter>
    <Filter Include="Core">
      <UniqueIdentifier>{66324aea-69ae-48ff-8b05-c59e10390cf0}</UniqueIdentifier>
    </Filter>
    <Filter Include="Other">
      <UniqueIdentifier>{9229bcb9-eba9-4677-941c-4974bcf5de10}</UniqueIdentifier>
    </Filter>
    <Filter Include="ECS">
      <UniqueIdentifier>{17d4a059-0119-4902-a7e0-63b99afd4ad6}</UniqueIdentifier>
    </Filter>
  </ItemGroup>
  <ItemGroup>
    <ClCompile Include="Main.cpp">
      <Filter>Core</Filter>
    </ClCompile>
    <ClCompile Include="AppStateExample.cpp">
      <Filter>GameStates</Filter>
    </ClCompile>
    <ClCompile Include="CTimer.cpp">
      <Filter>Other</Filter>
    </ClCompile>
    <ClCompile Include="CEntityManager.cpp">
      <Filter>ECS</Filter>
    </ClCompile>
    <ClCompile Include="CSystems.cpp">
      <Filter>ECS</Filter>
    </ClCompile>
    <ClCompile Include="CWindow.cpp">
      <Filter>Other</Filter>
    </ClCompile>
  </ItemGroup>
  <ItemGroup>
    <ClInclude Include="CState.h">
      <Filter>Core</Filter>
    </ClInclude>
    <ClInclude Include="CStateManager.h">
      <Filter>Core</Filter>
    </ClInclude>
    <ClInclude Include="AppStateExample.h">
      <Filter>GameStates</Filter>
    </ClInclude>
    <ClInclude Include="CTimer.h">
      <Filter>Other</Filter>
    </ClInclude>
    <ClInclude Include="CEntityManager.h">
      <Filter>ECS</Filter>
    </ClInclude>
    <ClInclude Include="CSystems.h">
      <Filter>ECS</Filter>
    </ClInclude>
    <ClInclude Include="CWindow.h">
      <Filter>Other</Filter>
    </ClInclude>
    <ClInclude Include="CComponent.h">
      <Filter>ECS</Filter>
    </ClInclude>
  </ItemGroup>
</Project>