<?xml version="1.0" encoding="utf-8"?>
<Project ToolsVersion="4.0" xmlns="http://schemas.microsoft.com/developer/msbuild/2003">
  <ItemGroup>
    <Filter Include="GameStates">
      <UniqueIdentifier>{6fd22ea5-cd64-4dcf-95ff-63977ca1cd79}</UniqueIdentifier>
    </Filter>
    <Filter Include="Core">
      <UniqueIdentifier>{66324aea-69ae-48ff-8b05-c59e10390cf0}</UniqueIdentifier>
    </Filter>
    <Filter Include="Other">
      <UniqueIdentifier>{9229bcb9-eba9-4677-941c-4974bcf5de10}</UniqueIdentifier>
    </Filter>
    <Filter Include="ECS">
      <UniqueIdentifier>{17d4a059-0119-4902-a7e0-63b99afd4ad6}</UniqueIdentifier>
    </Filter>
  </ItemGroup>
  <ItemGroup>
    <ClCompile Include="CTimer.cpp">
      <Filter>Other</Filter>
    </ClCompile>
    <ClCompile Include="CEntityManager.cpp">
      <Filter>ECS</Filter>
    </ClCompile>
    <ClCompile Include="Systems.cpp">
      <Filter>ECS</Filter>
    </ClCompile>
    <ClCompile Include="CWindow.cpp">
      <Filter>Other</Filter>
    </ClCompile>
    <ClCompile Include="CEntityFactory.cpp">
      <Filter>ECS</Filter>
    </ClCompile>
    <ClCompile Include="CAppStateMainMenu.cpp">
      <Filter>GameStates</Filter>
    </ClCompile>
    <ClCompile Include="CAppStateGame.cpp">
      <Filter>GameStates</Filter>
    </ClCompile>
    <ClCompile Include="CStateManager.cpp">
      <Filter>Core</Filter>
    </ClCompile>
    <ClCompile Include="CApp.cpp">
      <Filter>Core</Filter>
    </ClCompile>
    <ClCompile Include="CQuadtree.cpp">
      <Filter>Other</Filter>
    </ClCompile>
    <ClCompile Include="CRect.cpp">
      <Filter>Other</Filter>
    </ClCompile>
    <ClCompile Include="CVector2D.cpp">
      <Filter>Other</Filter>
    </ClCompile>
    <ClCompile Include="CTTFManager.cpp">
      <Filter>Other</Filter>
    </ClCompile>
  </ItemGroup>
  <ItemGroup>
    <ClInclude Include="CState.h">
      <Filter>Core</Filter>
    </ClInclude>
    <ClInclude Include="CStateManager.h">
      <Filter>Core</Filter>
    </ClInclude>
    <ClInclude Include="CTimer.h">
      <Filter>Other</Filter>
    </ClInclude>
    <ClInclude Include="CEntityManager.h">
      <Filter>ECS</Filter>
    </ClInclude>
    <ClInclude Include="Systems.h">
      <Filter>ECS</Filter>
    </ClInclude>
    <ClInclude Include="CWindow.h">
      <Filter>Other</Filter>
    </ClInclude>
    <ClInclude Include="Components.h">
      <Filter>ECS</Filter>
    </ClInclude>
    <ClInclude Include="CEntityFactory.h">
      <Filter>ECS</Filter>
    </ClInclude>
    <ClInclude Include="CAppStateMainMenu.h">
      <Filter>GameStates</Filter>
    </ClInclude>
    <ClInclude Include="CAppStateGame.h">
      <Filter>GameStates</Filter>
    </ClInclude>
    <ClInclude Include="CApp.h">
      <Filter>Core</Filter>
    </ClInclude>
    <ClInclude Include="CQuadtree.h">
      <Filter>Other</Filter>
    </ClInclude>
    <ClInclude Include="CRect.h">
      <Filter>Other</Filter>
    </ClInclude>
    <ClInclude Include="CVector2D.h">
      <Filter>Other</Filter>
    </ClInclude>
    <ClInclude Include="CTTFManager.h">
      <Filter>Other</Filter>
    </ClInclude>
  </ItemGroup>
</Project>